<?xml version="1.0" encoding="utf-8"?>
<Project ToolsVersion="4.0" xmlns="http://schemas.microsoft.com/developer/msbuild/2003">
  <ItemGroup>
    <Filter Include="Source Files">
      <UniqueIdentifier>{4FC737F1-C7A5-4376-A066-2A32D752A2FF}</UniqueIdentifier>
      <Extensions>cpp;c;cc;cxx;c++;def;odl;idl;hpj;bat;asm;asmx</Extensions>
    </Filter>
    <Filter Include="Header Files">
      <UniqueIdentifier>{93995380-89BD-4b04-88EB-625FBE52EBFB}</UniqueIdentifier>
      <Extensions>h;hh;hpp;hxx;h++;hm;inl;inc;ipp;xsd</Extensions>
    </Filter>
    <Filter Include="Resource Files">
      <UniqueIdentifier>{67DA6AB6-F800-4c08-8B7A-83BB121AAD01}</UniqueIdentifier>
      <Extensions>rc;ico;cur;bmp;dlg;rc2;rct;bin;rgs;gif;jpg;jpeg;jpe;resx;tiff;tif;png;wav;mfcribbon-ms</Extensions>
    </Filter>
    <Filter Include="Header Files\Common">
      <UniqueIdentifier>{3fac194a-8986-42ce-8369-c594e8829c00}</UniqueIdentifier>
    </Filter>
    <Filter Include="Source Files\Common">
      <UniqueIdentifier>{7685e036-6204-45b9-a4d8-53d7c52cdb37}</UniqueIdentifier>
    </Filter>
    <Filter Include="Source Files\Initialization">
      <UniqueIdentifier>{0329b7dc-de9e-45e2-ace1-540675ba2242}</UniqueIdentifier>
    </Filter>
    <Filter Include="Source Files\Drawing">
      <UniqueIdentifier>{926514ec-c3a7-490f-8d94-df614c7347b5}</UniqueIdentifier>
    </Filter>
    <Filter Include="Header Files\FrameResources">
      <UniqueIdentifier>{54d9aafa-e2b9-49bb-b6ac-e98cd9f20ada}</UniqueIdentifier>
    </Filter>
    <Filter Include="Source Files\FrameResources">
      <UniqueIdentifier>{8a99385a-0d03-4fa0-8f94-52ee08117f43}</UniqueIdentifier>
    </Filter>
    <Filter Include="Source Files\LightingAndMaterials">
      <UniqueIdentifier>{11eb66a2-93b6-4719-9db3-cffe7c1b2c9d}</UniqueIdentifier>
    </Filter>
    <Filter Include="Header Files\LightingAndMaterials">
      <UniqueIdentifier>{551d5daf-0cdb-4a0b-9f4d-9d7de8606971}</UniqueIdentifier>
    </Filter>
    <Filter Include="Header Files\Texturing">
      <UniqueIdentifier>{65c0f498-c7da-444e-bcf2-915c1259b310}</UniqueIdentifier>
    </Filter>
    <Filter Include="Source Files\Texturing">
      <UniqueIdentifier>{469afeba-9316-43f7-8dd8-8a18bc059106}</UniqueIdentifier>
    </Filter>
    <Filter Include="Resource Files\Assets">
      <UniqueIdentifier>{d9e89aa3-3ecd-4b29-908d-813506afe7ef}</UniqueIdentifier>
    </Filter>
    <Filter Include="Source Files\ShadowMapping">
      <UniqueIdentifier>{9c2de2ac-2475-43f7-80e5-afc769323300}</UniqueIdentifier>
    </Filter>
    <Filter Include="Header Files\BlendingApp">
      <UniqueIdentifier>{04a14618-ed60-422a-ac59-c16e972aa4c6}</UniqueIdentifier>
    </Filter>
    <Filter Include="Source Files\BlendingApp">
      <UniqueIdentifier>{74376be9-2ac4-4f7d-bbcc-8e8a03b225d3}</UniqueIdentifier>
    </Filter>
  </ItemGroup>
  <ItemGroup>
    <ClInclude Include="targetver.h">
      <Filter>Header Files</Filter>
    </ClInclude>
    <ClInclude Include="Src\Common\d3dApp.h">
      <Filter>Header Files\Common</Filter>
    </ClInclude>
    <ClInclude Include="Src\Common\d3dUtil.h">
      <Filter>Header Files\Common</Filter>
    </ClInclude>
    <ClInclude Include="Src\Common\d3dx12.h">
      <Filter>Header Files\Common</Filter>
    </ClInclude>
    <ClInclude Include="Src\Common\GameTimer.h">
      <Filter>Header Files\Common</Filter>
    </ClInclude>
    <ClInclude Include="Src\Common\Math.h">
      <Filter>Header Files\Common</Filter>
    </ClInclude>
    <ClInclude Include="Src\Common\UploadBuffer.h">
      <Filter>Header Files\Common</Filter>
    </ClInclude>
    <ClInclude Include="Src\Common\GeometryGenerator.h">
      <Filter>Header Files\Common</Filter>
    </ClInclude>
    <ClInclude Include="Src\Texturing\FrameResource.h">
      <Filter>Header Files\Texturing</Filter>
    </ClInclude>
    <ClInclude Include="Src\Common\DDSTextureLoader.h">
      <Filter>Header Files\Common</Filter>
    </ClInclude>
    <ClInclude Include="Src\Common\Camera.h">
      <Filter>Header Files\Common</Filter>
    </ClInclude>
    <ClInclude Include="Src\Blending\Waves.h">
      <Filter>Header Files\BlendingApp</Filter>
    </ClInclude>
  </ItemGroup>
  <ItemGroup>
    <Image Include="small.ico">
      <Filter>Resource Files</Filter>
    </Image>
    <Image Include="d3d12.ico">
      <Filter>Resource Files</Filter>
    </Image>
    <Image Include="Assets\bricks.dds">
      <Filter>Resource Files\Assets</Filter>
    </Image>
    <Image Include="Assets\stone.dds">
      <Filter>Resource Files\Assets</Filter>
    </Image>
    <Image Include="Assets\tile.dds">
      <Filter>Resource Files\Assets</Filter>
    </Image>
  </ItemGroup>
  <ItemGroup>
    <ClCompile Include="Src\Common\d3dApp.cpp">
      <Filter>Source Files\Common</Filter>
    </ClCompile>
    <ClCompile Include="Src\Common\d3dUtil.cpp">
      <Filter>Source Files\Common</Filter>
    </ClCompile>
    <ClCompile Include="Src\Common\GameTimer.cpp">
      <Filter>Source Files\Common</Filter>
    </ClCompile>
    <ClCompile Include="Src\Common\Math.cpp">
      <Filter>Source Files\Common</Filter>
    </ClCompile>
    <ClCompile Include="Src\Common\GeometryGenerator.cpp">
      <Filter>Source Files\Common</Filter>
    </ClCompile>
    <ClCompile Include="Src\Common\DDSTextureLoader.cpp">
      <Filter>Source Files\Common</Filter>
    </ClCompile>
    <ClCompile Include="Src\Common\Camera.cpp">
      <Filter>Header Files\Common</Filter>
    </ClCompile>
    <ClCompile Include="Src\Blending\BlendingApp.cpp">
      <Filter>Source Files\BlendingApp</Filter>
    </ClCompile>
    <ClCompile Include="Src\Blending\Waves.cpp">
      <Filter>Source Files\BlendingApp</Filter>
    </ClCompile>
  </ItemGroup>
  <ItemGroup>
    <Text Include="Assets\skull.txt">
      <Filter>Resource Files\Assets</Filter>
    </Text>
  </ItemGroup>
</Project>